// !$*UTF8*$!
{
	archiveVersion = 1;
	classes = {
	};
	objectVersion = 77;
	objects = {

/* Begin PBXBuildFile section */
		3F05FA482CC2D15A0020C050 /* CategoryViewModelDelegate.swift in Sources */ = {isa = PBXBuildFile; fileRef = 3F05FA472CC2D15A0020C050 /* CategoryViewModelDelegate.swift */; };
		3F05FA4A2CC2D2100020C050 /* NewTrackerViewDelegate.swift in Sources */ = {isa = PBXBuildFile; fileRef = 3F05FA492CC2D2100020C050 /* NewTrackerViewDelegate.swift */; };
		3F05FB682CC7C6660020C050 /* Trackers.xcdatamodeld in Sources */ = {isa = PBXBuildFile; fileRef = 3F05FB662CC7C6660020C050 /* Trackers.xcdatamodeld */; };
		3F05FB922CC801310020C050 /* TrackerStore.swift in Sources */ = {isa = PBXBuildFile; fileRef = 3F05FB912CC801310020C050 /* TrackerStore.swift */; };
		3F05FB942CC8014A0020C050 /* TrackerCategoriesStore.swift in Sources */ = {isa = PBXBuildFile; fileRef = 3F05FB932CC8014A0020C050 /* TrackerCategoriesStore.swift */; };
		3F05FB962CC8015A0020C050 /* TrackerRecordsStore.swift in Sources */ = {isa = PBXBuildFile; fileRef = 3F05FB952CC8015A0020C050 /* TrackerRecordsStore.swift */; };
		3F2438EB2CBE2D2C00CB0B4F /* Assets.xcassets in Resources */ = {isa = PBXBuildFile; fileRef = 3F2438E42CBE2D2C00CB0B4F /* Assets.xcassets */; };
		3F2438ED2CBE2D2C00CB0B4F /* LaunchScreen.storyboard in Resources */ = {isa = PBXBuildFile; fileRef = 3F2438E82CBE2D2C00CB0B4F /* LaunchScreen.storyboard */; };
		3F2438EE2CBE2D2C00CB0B4F /* Calendar+Extension.swift in Sources */ = {isa = PBXBuildFile; fileRef = 3F2438B12CBE2D2C00CB0B4F /* Calendar+Extension.swift */; };
		3F2438F02CBE2D2C00CB0B4F /* Int+Extension.swift in Sources */ = {isa = PBXBuildFile; fileRef = 3F2438B32CBE2D2C00CB0B4F /* Int+Extension.swift */; };
		3F2438F52CBE2D2C00CB0B4F /* ColorsGategory.swift in Sources */ = {isa = PBXBuildFile; fileRef = 3F2438B92CBE2D2C00CB0B4F /* ColorsGategory.swift */; };
		3F2438F72CBE2D2C00CB0B4F /* EmojiAndColors.swift in Sources */ = {isa = PBXBuildFile; fileRef = 3F2438BB2CBE2D2C00CB0B4F /* EmojiAndColors.swift */; };
		3F2438F92CBE2D2C00CB0B4F /* EmojiGategory.swift in Sources */ = {isa = PBXBuildFile; fileRef = 3F2438BD2CBE2D2C00CB0B4F /* EmojiGategory.swift */; };
		3F2438FB2CBE2D2C00CB0B4F /* GeometricParams.swift in Sources */ = {isa = PBXBuildFile; fileRef = 3F2438BF2CBE2D2C00CB0B4F /* GeometricParams.swift */; };
		3F2438FE2CBE2D2C00CB0B4F /* Tracker.swift in Sources */ = {isa = PBXBuildFile; fileRef = 3F2438C22CBE2D2C00CB0B4F /* Tracker.swift */; };
		3F2439002CBE2D2C00CB0B4F /* TrackerCategory.swift in Sources */ = {isa = PBXBuildFile; fileRef = 3F2438C42CBE2D2C00CB0B4F /* TrackerCategory.swift */; };
		3F2439022CBE2D2C00CB0B4F /* TrackerRecord.swift in Sources */ = {isa = PBXBuildFile; fileRef = 3F2438C62CBE2D2C00CB0B4F /* TrackerRecord.swift */; };
		3F2439042CBE2D2C00CB0B4F /* WeekDay.swift in Sources */ = {isa = PBXBuildFile; fileRef = 3F2438C82CBE2D2C00CB0B4F /* WeekDay.swift */; };
		3F2439062CBE2D2C00CB0B4F /* ColorCell.swift in Sources */ = {isa = PBXBuildFile; fileRef = 3F2438CB2CBE2D2C00CB0B4F /* ColorCell.swift */; };
		3F2439072CBE2D2C00CB0B4F /* EmojiCell.swift in Sources */ = {isa = PBXBuildFile; fileRef = 3F2438CC2CBE2D2C00CB0B4F /* EmojiCell.swift */; };
		3F2439082CBE2D2C00CB0B4F /* NewTrackerSupplementaryView.swift in Sources */ = {isa = PBXBuildFile; fileRef = 3F2438CD2CBE2D2C00CB0B4F /* NewTrackerSupplementaryView.swift */; };
		3F2439092CBE2D2C00CB0B4F /* NewTrackerView.swift in Sources */ = {isa = PBXBuildFile; fileRef = 3F2438CE2CBE2D2C00CB0B4F /* NewTrackerView.swift */; };
		3F24390A2CBE2D2C00CB0B4F /* AddCategoryView.swift in Sources */ = {isa = PBXBuildFile; fileRef = 3F2438D02CBE2D2C00CB0B4F /* AddCategoryView.swift */; };
		3F24390C2CBE2D2C00CB0B4F /* CategoriesView.swift in Sources */ = {isa = PBXBuildFile; fileRef = 3F2438D22CBE2D2C00CB0B4F /* CategoriesView.swift */; };
		3F2439102CBE2D2C00CB0B4F /* HabitOrEventViewController.swift in Sources */ = {isa = PBXBuildFile; fileRef = 3F2438D62CBE2D2C00CB0B4F /* HabitOrEventViewController.swift */; };
		3F2439132CBE2D2C00CB0B4F /* ScheduleView.swift in Sources */ = {isa = PBXBuildFile; fileRef = 3F2438D92CBE2D2C00CB0B4F /* ScheduleView.swift */; };
		3F2439142CBE2D2C00CB0B4F /* StatisticViewController.swift in Sources */ = {isa = PBXBuildFile; fileRef = 3F2438DB2CBE2D2C00CB0B4F /* StatisticViewController.swift */; };
		3F2439152CBE2D2C00CB0B4F /* TrackerCell.swift in Sources */ = {isa = PBXBuildFile; fileRef = 3F2438DC2CBE2D2C00CB0B4F /* TrackerCell.swift */; };
		3F2439172CBE2D2C00CB0B4F /* TrackersSupplementaryView.swift in Sources */ = {isa = PBXBuildFile; fileRef = 3F2438DE2CBE2D2C00CB0B4F /* TrackersSupplementaryView.swift */; };
		3F2439192CBE2D2C00CB0B4F /* TrackersView.swift in Sources */ = {isa = PBXBuildFile; fileRef = 3F2438E02CBE2D2C00CB0B4F /* TrackersView.swift */; };
		3F24391A2CBE2D2C00CB0B4F /* TrackerTabBarController.swift in Sources */ = {isa = PBXBuildFile; fileRef = 3F2438E12CBE2D2C00CB0B4F /* TrackerTabBarController.swift */; };
		3F24391B2CBE2D2C00CB0B4F /* AppDelegate.swift in Sources */ = {isa = PBXBuildFile; fileRef = 3F2438E32CBE2D2C00CB0B4F /* AppDelegate.swift */; };
		3F24391C2CBE2D2C00CB0B4F /* Constants.swift in Sources */ = {isa = PBXBuildFile; fileRef = 3F2438E52CBE2D2C00CB0B4F /* Constants.swift */; };
		3F24391D2CBE2D2C00CB0B4F /* SceneDelegate.swift in Sources */ = {isa = PBXBuildFile; fileRef = 3F2438E92CBE2D2C00CB0B4F /* SceneDelegate.swift */; };
		3F24391F2CBE30C600CB0B4F /* AlertModel.swift in Sources */ = {isa = PBXBuildFile; fileRef = 3F24391E2CBE30C600CB0B4F /* AlertModel.swift */; };
		3F2439212CBE30FB00CB0B4F /* UIViewController+Extension.swift in Sources */ = {isa = PBXBuildFile; fileRef = 3F2439202CBE30FB00CB0B4F /* UIViewController+Extension.swift */; };
		3F8C80B02CD802C9008C1DB3 /* TrackerCellModel.swift in Sources */ = {isa = PBXBuildFile; fileRef = 3F8C80AF2CD802C9008C1DB3 /* TrackerCellModel.swift */; };
		3FA696922CDBCB6800C4F9D5 /* TrackerStoreDelegate.swift in Sources */ = {isa = PBXBuildFile; fileRef = 3FA696912CDBCB6800C4F9D5 /* TrackerStoreDelegate.swift */; };
		3FA696952CDBCEC000C4F9D5 /* OnboardingPageViewController.swift in Sources */ = {isa = PBXBuildFile; fileRef = 3FA696942CDBCEC000C4F9D5 /* OnboardingPageViewController.swift */; };
		3FA696972CDBCEEA00C4F9D5 /* PageViewController.swift in Sources */ = {isa = PBXBuildFile; fileRef = 3FA696962CDBCEEA00C4F9D5 /* PageViewController.swift */; };
		3FA6969B2CDD325700C4F9D5 /* CategoriesViewModel.swift in Sources */ = {isa = PBXBuildFile; fileRef = 3FA6969A2CDD325700C4F9D5 /* CategoriesViewModel.swift */; };
		3FA6969E2CDD34E400C4F9D5 /* CategoryCell.swift in Sources */ = {isa = PBXBuildFile; fileRef = 3FA6969D2CDD34E400C4F9D5 /* CategoryCell.swift */; };
		3FA696A02CDD389B00C4F9D5 /* CategoryViewModelProtocol.swift in Sources */ = {isa = PBXBuildFile; fileRef = 3FA6969F2CDD389B00C4F9D5 /* CategoryViewModelProtocol.swift */; };
		3FA697092CDE86A400C4F9D5 /* TrackerIndexes.swift in Sources */ = {isa = PBXBuildFile; fileRef = 3FA697082CDE86A400C4F9D5 /* TrackerIndexes.swift */; };
		3FA6970B2CDE9F3500C4F9D5 /* CategoryIndexes.swift in Sources */ = {isa = PBXBuildFile; fileRef = 3FA6970A2CDE9F3500C4F9D5 /* CategoryIndexes.swift */; };
		3FA6970D2CDF3E3500C4F9D5 /* UITableViewCell+Extension.swift in Sources */ = {isa = PBXBuildFile; fileRef = 3FA6970C2CDF3E3500C4F9D5 /* UITableViewCell+Extension.swift */; };
		3FA6970F2CE1157E00C4F9D5 /* NewTrackerViewModel.swift in Sources */ = {isa = PBXBuildFile; fileRef = 3FA6970E2CE1157E00C4F9D5 /* NewTrackerViewModel.swift */; };
		3FA697112CE11A0600C4F9D5 /* TrackerCategoriesStoreDelegate.swift in Sources */ = {isa = PBXBuildFile; fileRef = 3FA697102CE11A0600C4F9D5 /* TrackerCategoriesStoreDelegate.swift */; };
		3FA697132CE11A1600C4F9D5 /* CategoriesDelegate.swift in Sources */ = {isa = PBXBuildFile; fileRef = 3FA697122CE11A1600C4F9D5 /* CategoriesDelegate.swift */; };
		3FA697162CE235E800C4F9D5 /* ScheduleViewModel.swift in Sources */ = {isa = PBXBuildFile; fileRef = 3FA697152CE235E800C4F9D5 /* ScheduleViewModel.swift */; };
		3FA697182CE3399200C4F9D5 /* Array+Extension.swift in Sources */ = {isa = PBXBuildFile; fileRef = 3FA697172CE3399200C4F9D5 /* Array+Extension.swift */; };
		3FA6971B2CE37A1600C4F9D5 /* TrackersViewModel.swift in Sources */ = {isa = PBXBuildFile; fileRef = 3FA6971A2CE37A1600C4F9D5 /* TrackersViewModel.swift */; };
		3FA697202CE4722C00C4F9D5 /* UIColor+Extension.swift in Sources */ = {isa = PBXBuildFile; fileRef = 3FA6971F2CE4722C00C4F9D5 /* UIColor+Extension.swift */; };
		3FA697232CE482CC00C4F9D5 /* AddCategoryViewModel.swift in Sources */ = {isa = PBXBuildFile; fileRef = 3FA697222CE482CC00C4F9D5 /* AddCategoryViewModel.swift */; };
		3FB806832CC175F4005A35AE /* SetupSubviewsProtocol.swift in Sources */ = {isa = PBXBuildFile; fileRef = 3FB806822CC175F4005A35AE /* SetupSubviewsProtocol.swift */; };
		3FB806852CC17FF4005A35AE /* ScheduleViewModelDelegate.swift in Sources */ = {isa = PBXBuildFile; fileRef = 3FB806842CC17FF4005A35AE /* ScheduleViewModelDelegate.swift */; };
		3FB806872CC1803E005A35AE /* HabitOrEventViewControllerDelegate.swift in Sources */ = {isa = PBXBuildFile; fileRef = 3FB806862CC1803E005A35AE /* HabitOrEventViewControllerDelegate.swift */; };
		3FB806892CC1808F005A35AE /* TrackerCellDelegate.swift in Sources */ = {isa = PBXBuildFile; fileRef = 3FB806882CC1808F005A35AE /* TrackerCellDelegate.swift */; };
		3FD7FF932CCD126600D91C4D /* RecordsStoreDelegate.swift in Sources */ = {isa = PBXBuildFile; fileRef = 3FD7FF922CCD126600D91C4D /* RecordsStoreDelegate.swift */; };
		3FD7FF952CCD127A00D91C4D /* CategoriesStoreDelegate.swift in Sources */ = {isa = PBXBuildFile; fileRef = 3FD7FF942CCD127A00D91C4D /* CategoriesStoreDelegate.swift */; };
		3FD7FF982CCD5D1600D91C4D /* DataProvider.swift in Sources */ = {isa = PBXBuildFile; fileRef = 3FD7FF972CCD5D1600D91C4D /* DataProvider.swift */; };
		3FD7FF9A2CCEB10500D91C4D /* DataProviderProtocol.swift in Sources */ = {isa = PBXBuildFile; fileRef = 3FD7FF992CCEB10500D91C4D /* DataProviderProtocol.swift */; };
		3FD7FF9C2CCEB11800D91C4D /* DataProviderDelegate.swift in Sources */ = {isa = PBXBuildFile; fileRef = 3FD7FF9B2CCEB11800D91C4D /* DataProviderDelegate.swift */; };
		3FD7FFA02CCEB64600D91C4D /* RecordsStoreProtocol.swift in Sources */ = {isa = PBXBuildFile; fileRef = 3FD7FF9F2CCEB64600D91C4D /* RecordsStoreProtocol.swift */; };
		3FD7FFA22CCEB65B00D91C4D /* CategoryStoreProtocol.swift in Sources */ = {isa = PBXBuildFile; fileRef = 3FD7FFA12CCEB65B00D91C4D /* CategoryStoreProtocol.swift */; };
		3FD7FFA42CCEB66A00D91C4D /* TrackerStoreProtocol.swift in Sources */ = {isa = PBXBuildFile; fileRef = 3FD7FFA32CCEB66A00D91C4D /* TrackerStoreProtocol.swift */; };
/* End PBXBuildFile section */

/* Begin PBXFileReference section */
		3F05FA472CC2D15A0020C050 /* CategoryViewModelDelegate.swift */ = {isa = PBXFileReference; lastKnownFileType = sourcecode.swift; path = CategoryViewModelDelegate.swift; sourceTree = "<group>"; };
		3F05FA492CC2D2100020C050 /* NewTrackerViewDelegate.swift */ = {isa = PBXFileReference; lastKnownFileType = sourcecode.swift; path = NewTrackerViewDelegate.swift; sourceTree = "<group>"; };
		3F05FB672CC7C6660020C050 /* Trackers.xcdatamodel */ = {isa = PBXFileReference; lastKnownFileType = wrapper.xcdatamodel; path = Trackers.xcdatamodel; sourceTree = "<group>"; };
		3F05FB912CC801310020C050 /* TrackerStore.swift */ = {isa = PBXFileReference; lastKnownFileType = sourcecode.swift; path = TrackerStore.swift; sourceTree = "<group>"; };
		3F05FB932CC8014A0020C050 /* TrackerCategoriesStore.swift */ = {isa = PBXFileReference; lastKnownFileType = sourcecode.swift; path = TrackerCategoriesStore.swift; sourceTree = "<group>"; };
		3F05FB952CC8015A0020C050 /* TrackerRecordsStore.swift */ = {isa = PBXFileReference; lastKnownFileType = sourcecode.swift; path = TrackerRecordsStore.swift; sourceTree = "<group>"; };
		3F2438B12CBE2D2C00CB0B4F /* Calendar+Extension.swift */ = {isa = PBXFileReference; lastKnownFileType = sourcecode.swift; path = "Calendar+Extension.swift"; sourceTree = "<group>"; };
		3F2438B32CBE2D2C00CB0B4F /* Int+Extension.swift */ = {isa = PBXFileReference; lastKnownFileType = sourcecode.swift; path = "Int+Extension.swift"; sourceTree = "<group>"; };
		3F2438B92CBE2D2C00CB0B4F /* ColorsGategory.swift */ = {isa = PBXFileReference; lastKnownFileType = sourcecode.swift; path = ColorsGategory.swift; sourceTree = "<group>"; };
		3F2438BB2CBE2D2C00CB0B4F /* EmojiAndColors.swift */ = {isa = PBXFileReference; lastKnownFileType = sourcecode.swift; path = EmojiAndColors.swift; sourceTree = "<group>"; };
		3F2438BD2CBE2D2C00CB0B4F /* EmojiGategory.swift */ = {isa = PBXFileReference; lastKnownFileType = sourcecode.swift; path = EmojiGategory.swift; sourceTree = "<group>"; };
		3F2438BF2CBE2D2C00CB0B4F /* GeometricParams.swift */ = {isa = PBXFileReference; lastKnownFileType = sourcecode.swift; path = GeometricParams.swift; sourceTree = "<group>"; };
		3F2438C22CBE2D2C00CB0B4F /* Tracker.swift */ = {isa = PBXFileReference; lastKnownFileType = sourcecode.swift; path = Tracker.swift; sourceTree = "<group>"; };
		3F2438C42CBE2D2C00CB0B4F /* TrackerCategory.swift */ = {isa = PBXFileReference; lastKnownFileType = sourcecode.swift; path = TrackerCategory.swift; sourceTree = "<group>"; };
		3F2438C62CBE2D2C00CB0B4F /* TrackerRecord.swift */ = {isa = PBXFileReference; lastKnownFileType = sourcecode.swift; path = TrackerRecord.swift; sourceTree = "<group>"; };
		3F2438C82CBE2D2C00CB0B4F /* WeekDay.swift */ = {isa = PBXFileReference; lastKnownFileType = sourcecode.swift; path = WeekDay.swift; sourceTree = "<group>"; };
		3F2438CB2CBE2D2C00CB0B4F /* ColorCell.swift */ = {isa = PBXFileReference; lastKnownFileType = sourcecode.swift; path = ColorCell.swift; sourceTree = "<group>"; };
		3F2438CC2CBE2D2C00CB0B4F /* EmojiCell.swift */ = {isa = PBXFileReference; lastKnownFileType = sourcecode.swift; path = EmojiCell.swift; sourceTree = "<group>"; };
		3F2438CD2CBE2D2C00CB0B4F /* NewTrackerSupplementaryView.swift */ = {isa = PBXFileReference; lastKnownFileType = sourcecode.swift; path = NewTrackerSupplementaryView.swift; sourceTree = "<group>"; };
		3F2438CE2CBE2D2C00CB0B4F /* NewTrackerView.swift */ = {isa = PBXFileReference; lastKnownFileType = sourcecode.swift; path = NewTrackerView.swift; sourceTree = "<group>"; };
		3F2438D02CBE2D2C00CB0B4F /* AddCategoryView.swift */ = {isa = PBXFileReference; lastKnownFileType = sourcecode.swift; path = AddCategoryView.swift; sourceTree = "<group>"; };
		3F2438D22CBE2D2C00CB0B4F /* CategoriesView.swift */ = {isa = PBXFileReference; lastKnownFileType = sourcecode.swift; path = CategoriesView.swift; sourceTree = "<group>"; };
		3F2438D62CBE2D2C00CB0B4F /* HabitOrEventViewController.swift */ = {isa = PBXFileReference; lastKnownFileType = sourcecode.swift; path = HabitOrEventViewController.swift; sourceTree = "<group>"; };
		3F2438D92CBE2D2C00CB0B4F /* ScheduleView.swift */ = {isa = PBXFileReference; lastKnownFileType = sourcecode.swift; path = ScheduleView.swift; sourceTree = "<group>"; };
		3F2438DB2CBE2D2C00CB0B4F /* StatisticViewController.swift */ = {isa = PBXFileReference; lastKnownFileType = sourcecode.swift; path = StatisticViewController.swift; sourceTree = "<group>"; };
		3F2438DC2CBE2D2C00CB0B4F /* TrackerCell.swift */ = {isa = PBXFileReference; lastKnownFileType = sourcecode.swift; path = TrackerCell.swift; sourceTree = "<group>"; };
		3F2438DE2CBE2D2C00CB0B4F /* TrackersSupplementaryView.swift */ = {isa = PBXFileReference; lastKnownFileType = sourcecode.swift; path = TrackersSupplementaryView.swift; sourceTree = "<group>"; };
		3F2438E02CBE2D2C00CB0B4F /* TrackersView.swift */ = {isa = PBXFileReference; lastKnownFileType = sourcecode.swift; path = TrackersView.swift; sourceTree = "<group>"; };
		3F2438E12CBE2D2C00CB0B4F /* TrackerTabBarController.swift */ = {isa = PBXFileReference; lastKnownFileType = sourcecode.swift; path = TrackerTabBarController.swift; sourceTree = "<group>"; };
		3F2438E32CBE2D2C00CB0B4F /* AppDelegate.swift */ = {isa = PBXFileReference; lastKnownFileType = sourcecode.swift; path = AppDelegate.swift; sourceTree = "<group>"; };
		3F2438E42CBE2D2C00CB0B4F /* Assets.xcassets */ = {isa = PBXFileReference; lastKnownFileType = folder.assetcatalog; path = Assets.xcassets; sourceTree = "<group>"; };
		3F2438E52CBE2D2C00CB0B4F /* Constants.swift */ = {isa = PBXFileReference; lastKnownFileType = sourcecode.swift; path = Constants.swift; sourceTree = "<group>"; };
		3F2438E62CBE2D2C00CB0B4F /* Info.plist */ = {isa = PBXFileReference; lastKnownFileType = text.plist.xml; path = Info.plist; sourceTree = "<group>"; };
		3F2438E72CBE2D2C00CB0B4F /* Base */ = {isa = PBXFileReference; lastKnownFileType = file.storyboard; name = Base; path = Base.lproj/LaunchScreen.storyboard; sourceTree = "<group>"; };
		3F2438E92CBE2D2C00CB0B4F /* SceneDelegate.swift */ = {isa = PBXFileReference; lastKnownFileType = sourcecode.swift; path = SceneDelegate.swift; sourceTree = "<group>"; };
		3F24391E2CBE30C600CB0B4F /* AlertModel.swift */ = {isa = PBXFileReference; lastKnownFileType = sourcecode.swift; path = AlertModel.swift; sourceTree = "<group>"; };
		3F2439202CBE30FB00CB0B4F /* UIViewController+Extension.swift */ = {isa = PBXFileReference; lastKnownFileType = sourcecode.swift; path = "UIViewController+Extension.swift"; sourceTree = "<group>"; };
		3F2881F52CA67F9A00ABB7D3 /* Tracker.app */ = {isa = PBXFileReference; explicitFileType = wrapper.application; includeInIndex = 0; path = Tracker.app; sourceTree = BUILT_PRODUCTS_DIR; };
		3F8C80AF2CD802C9008C1DB3 /* TrackerCellModel.swift */ = {isa = PBXFileReference; lastKnownFileType = sourcecode.swift; path = TrackerCellModel.swift; sourceTree = "<group>"; };
		3FA696912CDBCB6800C4F9D5 /* TrackerStoreDelegate.swift */ = {isa = PBXFileReference; lastKnownFileType = sourcecode.swift; path = TrackerStoreDelegate.swift; sourceTree = "<group>"; };
		3FA696942CDBCEC000C4F9D5 /* OnboardingPageViewController.swift */ = {isa = PBXFileReference; lastKnownFileType = sourcecode.swift; path = OnboardingPageViewController.swift; sourceTree = "<group>"; };
		3FA696962CDBCEEA00C4F9D5 /* PageViewController.swift */ = {isa = PBXFileReference; lastKnownFileType = sourcecode.swift; path = PageViewController.swift; sourceTree = "<group>"; };
		3FA6969A2CDD325700C4F9D5 /* CategoriesViewModel.swift */ = {isa = PBXFileReference; lastKnownFileType = sourcecode.swift; path = CategoriesViewModel.swift; sourceTree = "<group>"; };
		3FA6969D2CDD34E400C4F9D5 /* CategoryCell.swift */ = {isa = PBXFileReference; lastKnownFileType = sourcecode.swift; path = CategoryCell.swift; sourceTree = "<group>"; };
		3FA6969F2CDD389B00C4F9D5 /* CategoryViewModelProtocol.swift */ = {isa = PBXFileReference; lastKnownFileType = sourcecode.swift; path = CategoryViewModelProtocol.swift; sourceTree = "<group>"; };
		3FA697082CDE86A400C4F9D5 /* TrackerIndexes.swift */ = {isa = PBXFileReference; lastKnownFileType = sourcecode.swift; path = TrackerIndexes.swift; sourceTree = "<group>"; };
		3FA6970A2CDE9F3500C4F9D5 /* CategoryIndexes.swift */ = {isa = PBXFileReference; lastKnownFileType = sourcecode.swift; path = CategoryIndexes.swift; sourceTree = "<group>"; };
		3FA6970C2CDF3E3500C4F9D5 /* UITableViewCell+Extension.swift */ = {isa = PBXFileReference; lastKnownFileType = sourcecode.swift; path = "UITableViewCell+Extension.swift"; sourceTree = "<group>"; };
		3FA6970E2CE1157E00C4F9D5 /* NewTrackerViewModel.swift */ = {isa = PBXFileReference; lastKnownFileType = sourcecode.swift; path = NewTrackerViewModel.swift; sourceTree = "<group>"; };
		3FA697102CE11A0600C4F9D5 /* TrackerCategoriesStoreDelegate.swift */ = {isa = PBXFileReference; lastKnownFileType = sourcecode.swift; path = TrackerCategoriesStoreDelegate.swift; sourceTree = "<group>"; };
		3FA697122CE11A1600C4F9D5 /* CategoriesDelegate.swift */ = {isa = PBXFileReference; lastKnownFileType = sourcecode.swift; path = CategoriesDelegate.swift; sourceTree = "<group>"; };
		3FA697152CE235E800C4F9D5 /* ScheduleViewModel.swift */ = {isa = PBXFileReference; lastKnownFileType = sourcecode.swift; path = ScheduleViewModel.swift; sourceTree = "<group>"; };
		3FA697172CE3399200C4F9D5 /* Array+Extension.swift */ = {isa = PBXFileReference; lastKnownFileType = sourcecode.swift; path = "Array+Extension.swift"; sourceTree = "<group>"; };
		3FA6971A2CE37A1600C4F9D5 /* TrackersViewModel.swift */ = {isa = PBXFileReference; lastKnownFileType = sourcecode.swift; path = TrackersViewModel.swift; sourceTree = "<group>"; };
		3FA6971F2CE4722C00C4F9D5 /* UIColor+Extension.swift */ = {isa = PBXFileReference; lastKnownFileType = sourcecode.swift; path = "UIColor+Extension.swift"; sourceTree = "<group>"; };
		3FA697222CE482CC00C4F9D5 /* AddCategoryViewModel.swift */ = {isa = PBXFileReference; lastKnownFileType = sourcecode.swift; path = AddCategoryViewModel.swift; sourceTree = "<group>"; };
		3FB806822CC175F4005A35AE /* SetupSubviewsProtocol.swift */ = {isa = PBXFileReference; lastKnownFileType = sourcecode.swift; path = SetupSubviewsProtocol.swift; sourceTree = "<group>"; };
		3FB806842CC17FF4005A35AE /* ScheduleViewModelDelegate.swift */ = {isa = PBXFileReference; lastKnownFileType = sourcecode.swift; path = ScheduleViewModelDelegate.swift; sourceTree = "<group>"; };
		3FB806862CC1803E005A35AE /* HabitOrEventViewControllerDelegate.swift */ = {isa = PBXFileReference; lastKnownFileType = sourcecode.swift; path = HabitOrEventViewControllerDelegate.swift; sourceTree = "<group>"; };
		3FB806882CC1808F005A35AE /* TrackerCellDelegate.swift */ = {isa = PBXFileReference; lastKnownFileType = sourcecode.swift; path = TrackerCellDelegate.swift; sourceTree = "<group>"; };
		3FD7FF922CCD126600D91C4D /* RecordsStoreDelegate.swift */ = {isa = PBXFileReference; lastKnownFileType = sourcecode.swift; path = RecordsStoreDelegate.swift; sourceTree = "<group>"; };
		3FD7FF942CCD127A00D91C4D /* CategoriesStoreDelegate.swift */ = {isa = PBXFileReference; lastKnownFileType = sourcecode.swift; path = CategoriesStoreDelegate.swift; sourceTree = "<group>"; };
		3FD7FF972CCD5D1600D91C4D /* DataProvider.swift */ = {isa = PBXFileReference; lastKnownFileType = sourcecode.swift; path = DataProvider.swift; sourceTree = "<group>"; };
		3FD7FF992CCEB10500D91C4D /* DataProviderProtocol.swift */ = {isa = PBXFileReference; lastKnownFileType = sourcecode.swift; path = DataProviderProtocol.swift; sourceTree = "<group>"; };
		3FD7FF9B2CCEB11800D91C4D /* DataProviderDelegate.swift */ = {isa = PBXFileReference; lastKnownFileType = sourcecode.swift; path = DataProviderDelegate.swift; sourceTree = "<group>"; };
		3FD7FF9F2CCEB64600D91C4D /* RecordsStoreProtocol.swift */ = {isa = PBXFileReference; lastKnownFileType = sourcecode.swift; path = RecordsStoreProtocol.swift; sourceTree = "<group>"; };
		3FD7FFA12CCEB65B00D91C4D /* CategoryStoreProtocol.swift */ = {isa = PBXFileReference; lastKnownFileType = sourcecode.swift; path = CategoryStoreProtocol.swift; sourceTree = "<group>"; };
		3FD7FFA32CCEB66A00D91C4D /* TrackerStoreProtocol.swift */ = {isa = PBXFileReference; lastKnownFileType = sourcecode.swift; path = TrackerStoreProtocol.swift; sourceTree = "<group>"; };
/* End PBXFileReference section */

/* Begin PBXFrameworksBuildPhase section */
		3F2881F22CA67F9A00ABB7D3 /* Frameworks */ = {
			isa = PBXFrameworksBuildPhase;
			buildActionMask = 2147483647;
			files = (
			);
			runOnlyForDeploymentPostprocessing = 0;
		};
/* End PBXFrameworksBuildPhase section */

/* Begin PBXGroup section */
		3F05FB692CC7C6D00020C050 /* CoreData */ = {
			isa = PBXGroup;
			children = (
				3F05FB902CC801140020C050 /* Stores */,
				3F05FB662CC7C6660020C050 /* Trackers.xcdatamodeld */,
			);
			path = CoreData;
			sourceTree = "<group>";
		};
		3F05FB902CC801140020C050 /* Stores */ = {
			isa = PBXGroup;
			children = (
				3F05FB912CC801310020C050 /* TrackerStore.swift */,
				3F05FB932CC8014A0020C050 /* TrackerCategoriesStore.swift */,
				3F05FB952CC8015A0020C050 /* TrackerRecordsStore.swift */,
			);
			path = Stores;
			sourceTree = "<group>";
		};
		3F2438B82CBE2D2C00CB0B4F /* Helpers */ = {
			isa = PBXGroup;
			children = (
				3F2439202CBE30FB00CB0B4F /* UIViewController+Extension.swift */,
				3F2438B12CBE2D2C00CB0B4F /* Calendar+Extension.swift */,
				3F2438B32CBE2D2C00CB0B4F /* Int+Extension.swift */,
				3FA6970C2CDF3E3500C4F9D5 /* UITableViewCell+Extension.swift */,
				3FA697172CE3399200C4F9D5 /* Array+Extension.swift */,
				3FA6971F2CE4722C00C4F9D5 /* UIColor+Extension.swift */,
			);
			path = Helpers;
			sourceTree = "<group>";
		};
		3F2438CA2CBE2D2C00CB0B4F /* Models */ = {
			isa = PBXGroup;
			children = (
				3F2438BB2CBE2D2C00CB0B4F /* EmojiAndColors.swift */,
				3F2438B92CBE2D2C00CB0B4F /* ColorsGategory.swift */,
				3F2438BD2CBE2D2C00CB0B4F /* EmojiGategory.swift */,
				3F2438BF2CBE2D2C00CB0B4F /* GeometricParams.swift */,
				3F2438C22CBE2D2C00CB0B4F /* Tracker.swift */,
				3F2438C42CBE2D2C00CB0B4F /* TrackerCategory.swift */,
				3F2438C62CBE2D2C00CB0B4F /* TrackerRecord.swift */,
				3F2438C82CBE2D2C00CB0B4F /* WeekDay.swift */,
				3F24391E2CBE30C600CB0B4F /* AlertModel.swift */,
				3F8C80AF2CD802C9008C1DB3 /* TrackerCellModel.swift */,
				3FA697082CDE86A400C4F9D5 /* TrackerIndexes.swift */,
				3FA6970A2CDE9F3500C4F9D5 /* CategoryIndexes.swift */,
			);
			path = Models;
			sourceTree = "<group>";
		};
		3F2438CF2CBE2D2C00CB0B4F /* NewTrackerScreen */ = {
			isa = PBXGroup;
			children = (
				3FA6970E2CE1157E00C4F9D5 /* NewTrackerViewModel.swift */,
				3F2438CE2CBE2D2C00CB0B4F /* NewTrackerView.swift */,
				3F2438CB2CBE2D2C00CB0B4F /* ColorCell.swift */,
				3F2438CC2CBE2D2C00CB0B4F /* EmojiCell.swift */,
				3F2438CD2CBE2D2C00CB0B4F /* NewTrackerSupplementaryView.swift */,
			);
			path = NewTrackerScreen;
			sourceTree = "<group>";
		};
		3F2438DA2CBE2D2C00CB0B4F /* NewTrackerFlow */ = {
			isa = PBXGroup;
			children = (
				3F2438D62CBE2D2C00CB0B4F /* HabitOrEventViewController.swift */,
				3F2438CF2CBE2D2C00CB0B4F /* NewTrackerScreen */,
				3FA6969C2CDD348A00C4F9D5 /* ChooseCategoryScreen */,
				3FA697142CE2356C00C4F9D5 /* ScheduleScreen */,
				3FA697212CE4821300C4F9D5 /* AddCategoryScreen */,
			);
			path = NewTrackerFlow;
			sourceTree = "<group>";
		};
		3F2438E22CBE2D2C00CB0B4F /* TrackerMainScreen */ = {
			isa = PBXGroup;
			children = (
				3FA697192CE379F000C4F9D5 /* TrackersScreen */,
				3F2438E12CBE2D2C00CB0B4F /* TrackerTabBarController.swift */,
				3F2438DB2CBE2D2C00CB0B4F /* StatisticViewController.swift */,
			);
			path = TrackerMainScreen;
			sourceTree = "<group>";
		};
		3F2438EA2CBE2D2C00CB0B4F /* Tracker */ = {
			isa = PBXGroup;
			children = (
				3FA696932CDBCE7500C4F9D5 /* OnboardingPages */,
				3F2438E22CBE2D2C00CB0B4F /* TrackerMainScreen */,
				3F2438DA2CBE2D2C00CB0B4F /* NewTrackerFlow */,
				3F2438CA2CBE2D2C00CB0B4F /* Models */,
				3FD7FF962CCD5CE200D91C4D /* Services */,
				3F2438B82CBE2D2C00CB0B4F /* Helpers */,
				3FB806812CC175A5005A35AE /* Protocols */,
				3F05FB692CC7C6D00020C050 /* CoreData */,
				3F2438E32CBE2D2C00CB0B4F /* AppDelegate.swift */,
				3F2438E92CBE2D2C00CB0B4F /* SceneDelegate.swift */,
				3F2438E82CBE2D2C00CB0B4F /* LaunchScreen.storyboard */,
				3F2438E52CBE2D2C00CB0B4F /* Constants.swift */,
				3F2438E62CBE2D2C00CB0B4F /* Info.plist */,
				3F2438E42CBE2D2C00CB0B4F /* Assets.xcassets */,
			);
			path = Tracker;
			sourceTree = "<group>";
		};
		3F2881EC2CA67F9A00ABB7D3 = {
			isa = PBXGroup;
			children = (
				3F2438EA2CBE2D2C00CB0B4F /* Tracker */,
				3F2881F62CA67F9A00ABB7D3 /* Products */,
			);
			sourceTree = "<group>";
		};
		3F2881F62CA67F9A00ABB7D3 /* Products */ = {
			isa = PBXGroup;
			children = (
				3F2881F52CA67F9A00ABB7D3 /* Tracker.app */,
			);
			name = Products;
			sourceTree = "<group>";
		};
		3FA696932CDBCE7500C4F9D5 /* OnboardingPages */ = {
			isa = PBXGroup;
			children = (
				3FA696942CDBCEC000C4F9D5 /* OnboardingPageViewController.swift */,
				3FA696962CDBCEEA00C4F9D5 /* PageViewController.swift */,
			);
			path = OnboardingPages;
			sourceTree = "<group>";
		};
		3FA6969C2CDD348A00C4F9D5 /* ChooseCategoryScreen */ = {
			isa = PBXGroup;
			children = (
				3FA6969A2CDD325700C4F9D5 /* CategoriesViewModel.swift */,
				3F2438D22CBE2D2C00CB0B4F /* CategoriesView.swift */,
				3FA6969D2CDD34E400C4F9D5 /* CategoryCell.swift */,
			);
			path = ChooseCategoryScreen;
			sourceTree = "<group>";
		};
		3FA697142CE2356C00C4F9D5 /* ScheduleScreen */ = {
			isa = PBXGroup;
			children = (
				3F2438D92CBE2D2C00CB0B4F /* ScheduleView.swift */,
				3FA697152CE235E800C4F9D5 /* ScheduleViewModel.swift */,
			);
			path = ScheduleScreen;
			sourceTree = "<group>";
		};
		3FA697192CE379F000C4F9D5 /* TrackersScreen */ = {
			isa = PBXGroup;
			children = (
				3F2438E02CBE2D2C00CB0B4F /* TrackersView.swift */,
				3F2438DE2CBE2D2C00CB0B4F /* TrackersSupplementaryView.swift */,
				3F2438DC2CBE2D2C00CB0B4F /* TrackerCell.swift */,
				3FA6971A2CE37A1600C4F9D5 /* TrackersViewModel.swift */,
			);
			path = TrackersScreen;
			sourceTree = "<group>";
		};
		3FA697212CE4821300C4F9D5 /* AddCategoryScreen */ = {
			isa = PBXGroup;
			children = (
				3F2438D02CBE2D2C00CB0B4F /* AddCategoryView.swift */,
				3FA697222CE482CC00C4F9D5 /* AddCategoryViewModel.swift */,
			);
			path = AddCategoryScreen;
			sourceTree = "<group>";
		};
		3FB806812CC175A5005A35AE /* Protocols */ = {
			isa = PBXGroup;
			children = (
				3FA697122CE11A1600C4F9D5 /* CategoriesDelegate.swift */,
				3FA697102CE11A0600C4F9D5 /* TrackerCategoriesStoreDelegate.swift */,
				3FA696912CDBCB6800C4F9D5 /* TrackerStoreDelegate.swift */,
				3FD7FFA32CCEB66A00D91C4D /* TrackerStoreProtocol.swift */,
				3FD7FFA12CCEB65B00D91C4D /* CategoryStoreProtocol.swift */,
				3FD7FF9F2CCEB64600D91C4D /* RecordsStoreProtocol.swift */,
				3FD7FF9B2CCEB11800D91C4D /* DataProviderDelegate.swift */,
				3FA6969F2CDD389B00C4F9D5 /* CategoryViewModelProtocol.swift */,
				3FD7FF992CCEB10500D91C4D /* DataProviderProtocol.swift */,
				3FD7FF942CCD127A00D91C4D /* CategoriesStoreDelegate.swift */,
				3FD7FF922CCD126600D91C4D /* RecordsStoreDelegate.swift */,
				3F05FA492CC2D2100020C050 /* NewTrackerViewDelegate.swift */,
				3F05FA472CC2D15A0020C050 /* CategoryViewModelDelegate.swift */,
				3FB806882CC1808F005A35AE /* TrackerCellDelegate.swift */,
				3FB806862CC1803E005A35AE /* HabitOrEventViewControllerDelegate.swift */,
				3FB806822CC175F4005A35AE /* SetupSubviewsProtocol.swift */,
				3FB806842CC17FF4005A35AE /* ScheduleViewModelDelegate.swift */,
			);
			path = Protocols;
			sourceTree = "<group>";
		};
		3FD7FF962CCD5CE200D91C4D /* Services */ = {
			isa = PBXGroup;
			children = (
				3FD7FF972CCD5D1600D91C4D /* DataProvider.swift */,
			);
			path = Services;
			sourceTree = "<group>";
		};
/* End PBXGroup section */

/* Begin PBXNativeTarget section */
		3F2881F42CA67F9A00ABB7D3 /* Tracker */ = {
			isa = PBXNativeTarget;
			buildConfigurationList = 3F2882082CA67F9B00ABB7D3 /* Build configuration list for PBXNativeTarget "Tracker" */;
			buildPhases = (
				3F2881F12CA67F9A00ABB7D3 /* Sources */,
				3F2881F22CA67F9A00ABB7D3 /* Frameworks */,
				3F2881F32CA67F9A00ABB7D3 /* Resources */,
			);
			buildRules = (
			);
			dependencies = (
			);
			name = Tracker;
			packageProductDependencies = (
			);
			productName = Tracker;
			productReference = 3F2881F52CA67F9A00ABB7D3 /* Tracker.app */;
			productType = "com.apple.product-type.application";
		};
/* End PBXNativeTarget section */

/* Begin PBXProject section */
		3F2881ED2CA67F9A00ABB7D3 /* Project object */ = {
			isa = PBXProject;
			attributes = {
				BuildIndependentTargetsInParallel = 1;
				LastSwiftUpdateCheck = 1600;
				LastUpgradeCheck = 1600;
				TargetAttributes = {
					3F2881F42CA67F9A00ABB7D3 = {
						CreatedOnToolsVersion = 16.0;
					};
				};
			};
			buildConfigurationList = 3F2881F02CA67F9A00ABB7D3 /* Build configuration list for PBXProject "Tracker" */;
			developmentRegion = en;
			hasScannedForEncodings = 0;
			knownRegions = (
				en,
				Base,
			);
			mainGroup = 3F2881EC2CA67F9A00ABB7D3;
			minimizedProjectReferenceProxies = 1;
			preferredProjectObjectVersion = 77;
			productRefGroup = 3F2881F62CA67F9A00ABB7D3 /* Products */;
			projectDirPath = "";
			projectRoot = "";
			targets = (
				3F2881F42CA67F9A00ABB7D3 /* Tracker */,
			);
		};
/* End PBXProject section */

/* Begin PBXResourcesBuildPhase section */
		3F2881F32CA67F9A00ABB7D3 /* Resources */ = {
			isa = PBXResourcesBuildPhase;
			buildActionMask = 2147483647;
			files = (
				3F2438EB2CBE2D2C00CB0B4F /* Assets.xcassets in Resources */,
				3F2438ED2CBE2D2C00CB0B4F /* LaunchScreen.storyboard in Resources */,
			);
			runOnlyForDeploymentPostprocessing = 0;
		};
/* End PBXResourcesBuildPhase section */

/* Begin PBXSourcesBuildPhase section */
		3F2881F12CA67F9A00ABB7D3 /* Sources */ = {
			isa = PBXSourcesBuildPhase;
			buildActionMask = 2147483647;
			files = (
				3F2438EE2CBE2D2C00CB0B4F /* Calendar+Extension.swift in Sources */,
				3F05FB942CC8014A0020C050 /* TrackerCategoriesStore.swift in Sources */,
				3FA6969B2CDD325700C4F9D5 /* CategoriesViewModel.swift in Sources */,
				3FA697202CE4722C00C4F9D5 /* UIColor+Extension.swift in Sources */,
				3F2438F02CBE2D2C00CB0B4F /* Int+Extension.swift in Sources */,
				3F2438F52CBE2D2C00CB0B4F /* ColorsGategory.swift in Sources */,
				3FA697112CE11A0600C4F9D5 /* TrackerCategoriesStoreDelegate.swift in Sources */,
				3F2438F72CBE2D2C00CB0B4F /* EmojiAndColors.swift in Sources */,
				3FB806852CC17FF4005A35AE /* ScheduleViewModelDelegate.swift in Sources */,
				3F05FA4A2CC2D2100020C050 /* NewTrackerViewDelegate.swift in Sources */,
				3FA696952CDBCEC000C4F9D5 /* OnboardingPageViewController.swift in Sources */,
				3FD7FF982CCD5D1600D91C4D /* DataProvider.swift in Sources */,
				3FA697092CDE86A400C4F9D5 /* TrackerIndexes.swift in Sources */,
				3F2438F92CBE2D2C00CB0B4F /* EmojiGategory.swift in Sources */,
				3F2438FB2CBE2D2C00CB0B4F /* GeometricParams.swift in Sources */,
				3F2438FE2CBE2D2C00CB0B4F /* Tracker.swift in Sources */,
				3F2439002CBE2D2C00CB0B4F /* TrackerCategory.swift in Sources */,
				3FD7FF9A2CCEB10500D91C4D /* DataProviderProtocol.swift in Sources */,
				3F2439022CBE2D2C00CB0B4F /* TrackerRecord.swift in Sources */,
				3F05FB922CC801310020C050 /* TrackerStore.swift in Sources */,
				3FB806872CC1803E005A35AE /* HabitOrEventViewControllerDelegate.swift in Sources */,
				3F2439042CBE2D2C00CB0B4F /* WeekDay.swift in Sources */,
				3F2439062CBE2D2C00CB0B4F /* ColorCell.swift in Sources */,
				3FD7FFA22CCEB65B00D91C4D /* CategoryStoreProtocol.swift in Sources */,
				3FB806892CC1808F005A35AE /* TrackerCellDelegate.swift in Sources */,
				3FA6969E2CDD34E400C4F9D5 /* CategoryCell.swift in Sources */,
				3FA696922CDBCB6800C4F9D5 /* TrackerStoreDelegate.swift in Sources */,
				3F2439072CBE2D2C00CB0B4F /* EmojiCell.swift in Sources */,
				3FA696972CDBCEEA00C4F9D5 /* PageViewController.swift in Sources */,
				3F2439082CBE2D2C00CB0B4F /* NewTrackerSupplementaryView.swift in Sources */,
				3F2439092CBE2D2C00CB0B4F /* NewTrackerView.swift in Sources */,
				3FD7FFA42CCEB66A00D91C4D /* TrackerStoreProtocol.swift in Sources */,
				3F24390A2CBE2D2C00CB0B4F /* AddCategoryView.swift in Sources */,
				3F24390C2CBE2D2C00CB0B4F /* CategoriesView.swift in Sources */,
				3F2439212CBE30FB00CB0B4F /* UIViewController+Extension.swift in Sources */,
				3F05FA482CC2D15A0020C050 /* CategoryViewModelDelegate.swift in Sources */,
				3F2439102CBE2D2C00CB0B4F /* HabitOrEventViewController.swift in Sources */,
				3FA696A02CDD389B00C4F9D5 /* CategoryViewModelProtocol.swift in Sources */,
				3F05FB682CC7C6660020C050 /* Trackers.xcdatamodeld in Sources */,
				3FA697182CE3399200C4F9D5 /* Array+Extension.swift in Sources */,
				3FA697132CE11A1600C4F9D5 /* CategoriesDelegate.swift in Sources */,
				3F2439132CBE2D2C00CB0B4F /* ScheduleView.swift in Sources */,
				3FA697232CE482CC00C4F9D5 /* AddCategoryViewModel.swift in Sources */,
				3FD7FFA02CCEB64600D91C4D /* RecordsStoreProtocol.swift in Sources */,
				3F2439142CBE2D2C00CB0B4F /* StatisticViewController.swift in Sources */,
				3F8C80B02CD802C9008C1DB3 /* TrackerCellModel.swift in Sources */,
				3F2439152CBE2D2C00CB0B4F /* TrackerCell.swift in Sources */,
				3FA6970F2CE1157E00C4F9D5 /* NewTrackerViewModel.swift in Sources */,
				3FD7FF932CCD126600D91C4D /* RecordsStoreDelegate.swift in Sources */,
				3F2439172CBE2D2C00CB0B4F /* TrackersSupplementaryView.swift in Sources */,
				3F2439192CBE2D2C00CB0B4F /* TrackersView.swift in Sources */,
				3FA6970D2CDF3E3500C4F9D5 /* UITableViewCell+Extension.swift in Sources */,
				3F24391A2CBE2D2C00CB0B4F /* TrackerTabBarController.swift in Sources */,
				3FD7FF952CCD127A00D91C4D /* CategoriesStoreDelegate.swift in Sources */,
				3FB806832CC175F4005A35AE /* SetupSubviewsProtocol.swift in Sources */,
				3F05FB962CC8015A0020C050 /* TrackerRecordsStore.swift in Sources */,
				3FD7FF9C2CCEB11800D91C4D /* DataProviderDelegate.swift in Sources */,
				3F24391B2CBE2D2C00CB0B4F /* AppDelegate.swift in Sources */,
				3FA6970B2CDE9F3500C4F9D5 /* CategoryIndexes.swift in Sources */,
				3F24391F2CBE30C600CB0B4F /* AlertModel.swift in Sources */,
				3F24391C2CBE2D2C00CB0B4F /* Constants.swift in Sources */,
				3FA6971B2CE37A1600C4F9D5 /* TrackersViewModel.swift in Sources */,
				3F24391D2CBE2D2C00CB0B4F /* SceneDelegate.swift in Sources */,
				3FA697162CE235E800C4F9D5 /* ScheduleViewModel.swift in Sources */,
			);
			runOnlyForDeploymentPostprocessing = 0;
		};
/* End PBXSourcesBuildPhase section */

/* Begin PBXVariantGroup section */
		3F2438E82CBE2D2C00CB0B4F /* LaunchScreen.storyboard */ = {
			isa = PBXVariantGroup;
			children = (
				3F2438E72CBE2D2C00CB0B4F /* Base */,
			);
			name = LaunchScreen.storyboard;
			sourceTree = "<group>";
		};
/* End PBXVariantGroup section */

/* Begin XCBuildConfiguration section */
		3F2882092CA67F9B00ABB7D3 /* Debug */ = {
			isa = XCBuildConfiguration;
			buildSettings = {
				ASSETCATALOG_COMPILER_APPICON_NAME = AppIcon;
				ASSETCATALOG_COMPILER_GLOBAL_ACCENT_COLOR_NAME = AccentColor;
				CODE_SIGN_STYLE = Automatic;
				CURRENT_PROJECT_VERSION = 1;
				DEVELOPMENT_TEAM = CNQ42444ZA;
				GENERATE_INFOPLIST_FILE = YES;
				INFOPLIST_FILE = Tracker/Info.plist;
				INFOPLIST_KEY_UIApplicationSupportsIndirectInputEvents = YES;
				INFOPLIST_KEY_UILaunchStoryboardName = LaunchScreen;
				INFOPLIST_KEY_UISupportedInterfaceOrientations = UIInterfaceOrientationPortrait;
				INFOPLIST_KEY_UISupportedInterfaceOrientations_iPad = "UIInterfaceOrientationLandscapeLeft UIInterfaceOrientationLandscapeRight UIInterfaceOrientationPortrait UIInterfaceOrientationPortraitUpsideDown";
				LD_RUNPATH_SEARCH_PATHS = (
					"$(inherited)",
					"@executable_path/Frameworks",
				);
				MARKETING_VERSION = 1.0;
				PRODUCT_BUNDLE_IDENTIFIER = com.dmaximov.practicum.Tracker;
				PRODUCT_NAME = "$(TARGET_NAME)";
				SUPPORTED_PLATFORMS = "iphoneos iphonesimulator";
				SUPPORTS_MACCATALYST = NO;
				SUPPORTS_MAC_DESIGNED_FOR_IPHONE_IPAD = NO;
				SUPPORTS_XR_DESIGNED_FOR_IPHONE_IPAD = NO;
				SWIFT_EMIT_LOC_STRINGS = YES;
				SWIFT_VERSION = 5.0;
				TARGETED_DEVICE_FAMILY = 1;
			};
			name = Debug;
		};
		3F28820A2CA67F9B00ABB7D3 /* Release */ = {
			isa = XCBuildConfiguration;
			buildSettings = {
				ASSETCATALOG_COMPILER_APPICON_NAME = AppIcon;
				ASSETCATALOG_COMPILER_GLOBAL_ACCENT_COLOR_NAME = AccentColor;
				CODE_SIGN_STYLE = Automatic;
				CURRENT_PROJECT_VERSION = 1;
				DEVELOPMENT_TEAM = CNQ42444ZA;
				GENERATE_INFOPLIST_FILE = YES;
				INFOPLIST_FILE = Tracker/Info.plist;
				INFOPLIST_KEY_UIApplicationSupportsIndirectInputEvents = YES;
				INFOPLIST_KEY_UILaunchStoryboardName = LaunchScreen;
				INFOPLIST_KEY_UISupportedInterfaceOrientations = UIInterfaceOrientationPortrait;
				INFOPLIST_KEY_UISupportedInterfaceOrientations_iPad = "UIInterfaceOrientationLandscapeLeft UIInterfaceOrientationLandscapeRight UIInterfaceOrientationPortrait UIInterfaceOrientationPortraitUpsideDown";
				LD_RUNPATH_SEARCH_PATHS = (
					"$(inherited)",
					"@executable_path/Frameworks",
				);
				MARKETING_VERSION = 1.0;
				PRODUCT_BUNDLE_IDENTIFIER = com.dmaximov.practicum.Tracker;
				PRODUCT_NAME = "$(TARGET_NAME)";
				SUPPORTED_PLATFORMS = "iphoneos iphonesimulator";
				SUPPORTS_MACCATALYST = NO;
				SUPPORTS_MAC_DESIGNED_FOR_IPHONE_IPAD = NO;
				SUPPORTS_XR_DESIGNED_FOR_IPHONE_IPAD = NO;
				SWIFT_EMIT_LOC_STRINGS = YES;
				SWIFT_VERSION = 5.0;
				TARGETED_DEVICE_FAMILY = 1;
			};
			name = Release;
		};
		3F28820B2CA67F9B00ABB7D3 /* Debug */ = {
			isa = XCBuildConfiguration;
			buildSettings = {
				ALWAYS_SEARCH_USER_PATHS = NO;
				ASSETCATALOG_COMPILER_GENERATE_SWIFT_ASSET_SYMBOL_EXTENSIONS = YES;
				CLANG_ANALYZER_NONNULL = YES;
				CLANG_ANALYZER_NUMBER_OBJECT_CONVERSION = YES_AGGRESSIVE;
				CLANG_CXX_LANGUAGE_STANDARD = "gnu++20";
				CLANG_ENABLE_MODULES = YES;
				CLANG_ENABLE_OBJC_ARC = YES;
				CLANG_ENABLE_OBJC_WEAK = YES;
				CLANG_WARN_BLOCK_CAPTURE_AUTORELEASING = YES;
				CLANG_WARN_BOOL_CONVERSION = YES;
				CLANG_WARN_COMMA = YES;
				CLANG_WARN_CONSTANT_CONVERSION = YES;
				CLANG_WARN_DEPRECATED_OBJC_IMPLEMENTATIONS = YES;
				CLANG_WARN_DIRECT_OBJC_ISA_USAGE = YES_ERROR;
				CLANG_WARN_DOCUMENTATION_COMMENTS = YES;
				CLANG_WARN_EMPTY_BODY = YES;
				CLANG_WARN_ENUM_CONVERSION = YES;
				CLANG_WARN_INFINITE_RECURSION = YES;
				CLANG_WARN_INT_CONVERSION = YES;
				CLANG_WARN_NON_LITERAL_NULL_CONVERSION = YES;
				CLANG_WARN_OBJC_IMPLICIT_RETAIN_SELF = YES;
				CLANG_WARN_OBJC_LITERAL_CONVERSION = YES;
				CLANG_WARN_OBJC_ROOT_CLASS = YES_ERROR;
				CLANG_WARN_QUOTED_INCLUDE_IN_FRAMEWORK_HEADER = YES;
				CLANG_WARN_RANGE_LOOP_ANALYSIS = YES;
				CLANG_WARN_STRICT_PROTOTYPES = YES;
				CLANG_WARN_SUSPICIOUS_MOVE = YES;
				CLANG_WARN_UNGUARDED_AVAILABILITY = YES_AGGRESSIVE;
				CLANG_WARN_UNREACHABLE_CODE = YES;
				CLANG_WARN__DUPLICATE_METHOD_MATCH = YES;
				COPY_PHASE_STRIP = NO;
				DEBUG_INFORMATION_FORMAT = dwarf;
				ENABLE_STRICT_OBJC_MSGSEND = YES;
				ENABLE_TESTABILITY = YES;
				ENABLE_USER_SCRIPT_SANDBOXING = YES;
				GCC_C_LANGUAGE_STANDARD = gnu17;
				GCC_DYNAMIC_NO_PIC = NO;
				GCC_NO_COMMON_BLOCKS = YES;
				GCC_OPTIMIZATION_LEVEL = 0;
				GCC_PREPROCESSOR_DEFINITIONS = (
					"DEBUG=1",
					"$(inherited)",
				);
				GCC_WARN_64_TO_32_BIT_CONVERSION = YES;
				GCC_WARN_ABOUT_RETURN_TYPE = YES_ERROR;
				GCC_WARN_UNDECLARED_SELECTOR = YES;
				GCC_WARN_UNINITIALIZED_AUTOS = YES_AGGRESSIVE;
				GCC_WARN_UNUSED_FUNCTION = YES;
				GCC_WARN_UNUSED_VARIABLE = YES;
				IPHONEOS_DEPLOYMENT_TARGET = 13.4;
				LOCALIZATION_PREFERS_STRING_CATALOGS = YES;
				MTL_ENABLE_DEBUG_INFO = INCLUDE_SOURCE;
				MTL_FAST_MATH = YES;
				ONLY_ACTIVE_ARCH = YES;
				SDKROOT = iphoneos;
				SWIFT_ACTIVE_COMPILATION_CONDITIONS = "DEBUG $(inherited)";
				SWIFT_OPTIMIZATION_LEVEL = "-Onone";
			};
			name = Debug;
		};
		3F28820C2CA67F9B00ABB7D3 /* Release */ = {
			isa = XCBuildConfiguration;
			buildSettings = {
				ALWAYS_SEARCH_USER_PATHS = NO;
				ASSETCATALOG_COMPILER_GENERATE_SWIFT_ASSET_SYMBOL_EXTENSIONS = YES;
				CLANG_ANALYZER_NONNULL = YES;
				CLANG_ANALYZER_NUMBER_OBJECT_CONVERSION = YES_AGGRESSIVE;
				CLANG_CXX_LANGUAGE_STANDARD = "gnu++20";
				CLANG_ENABLE_MODULES = YES;
				CLANG_ENABLE_OBJC_ARC = YES;
				CLANG_ENABLE_OBJC_WEAK = YES;
				CLANG_WARN_BLOCK_CAPTURE_AUTORELEASING = YES;
				CLANG_WARN_BOOL_CONVERSION = YES;
				CLANG_WARN_COMMA = YES;
				CLANG_WARN_CONSTANT_CONVERSION = YES;
				CLANG_WARN_DEPRECATED_OBJC_IMPLEMENTATIONS = YES;
				CLANG_WARN_DIRECT_OBJC_ISA_USAGE = YES_ERROR;
				CLANG_WARN_DOCUMENTATION_COMMENTS = YES;
				CLANG_WARN_EMPTY_BODY = YES;
				CLANG_WARN_ENUM_CONVERSION = YES;
				CLANG_WARN_INFINITE_RECURSION = YES;
				CLANG_WARN_INT_CONVERSION = YES;
				CLANG_WARN_NON_LITERAL_NULL_CONVERSION = YES;
				CLANG_WARN_OBJC_IMPLICIT_RETAIN_SELF = YES;
				CLANG_WARN_OBJC_LITERAL_CONVERSION = YES;
				CLANG_WARN_OBJC_ROOT_CLASS = YES_ERROR;
				CLANG_WARN_QUOTED_INCLUDE_IN_FRAMEWORK_HEADER = YES;
				CLANG_WARN_RANGE_LOOP_ANALYSIS = YES;
				CLANG_WARN_STRICT_PROTOTYPES = YES;
				CLANG_WARN_SUSPICIOUS_MOVE = YES;
				CLANG_WARN_UNGUARDED_AVAILABILITY = YES_AGGRESSIVE;
				CLANG_WARN_UNREACHABLE_CODE = YES;
				CLANG_WARN__DUPLICATE_METHOD_MATCH = YES;
				COPY_PHASE_STRIP = NO;
				DEBUG_INFORMATION_FORMAT = "dwarf-with-dsym";
				ENABLE_NS_ASSERTIONS = NO;
				ENABLE_STRICT_OBJC_MSGSEND = YES;
				ENABLE_USER_SCRIPT_SANDBOXING = YES;
				GCC_C_LANGUAGE_STANDARD = gnu17;
				GCC_NO_COMMON_BLOCKS = YES;
				GCC_WARN_64_TO_32_BIT_CONVERSION = YES;
				GCC_WARN_ABOUT_RETURN_TYPE = YES_ERROR;
				GCC_WARN_UNDECLARED_SELECTOR = YES;
				GCC_WARN_UNINITIALIZED_AUTOS = YES_AGGRESSIVE;
				GCC_WARN_UNUSED_FUNCTION = YES;
				GCC_WARN_UNUSED_VARIABLE = YES;
				IPHONEOS_DEPLOYMENT_TARGET = 13.4;
				LOCALIZATION_PREFERS_STRING_CATALOGS = YES;
				MTL_ENABLE_DEBUG_INFO = NO;
				MTL_FAST_MATH = YES;
				SDKROOT = iphoneos;
				SWIFT_COMPILATION_MODE = wholemodule;
				VALIDATE_PRODUCT = YES;
			};
			name = Release;
		};
/* End XCBuildConfiguration section */

/* Begin XCConfigurationList section */
		3F2881F02CA67F9A00ABB7D3 /* Build configuration list for PBXProject "Tracker" */ = {
			isa = XCConfigurationList;
			buildConfigurations = (
				3F28820B2CA67F9B00ABB7D3 /* Debug */,
				3F28820C2CA67F9B00ABB7D3 /* Release */,
			);
			defaultConfigurationIsVisible = 0;
			defaultConfigurationName = Release;
		};
		3F2882082CA67F9B00ABB7D3 /* Build configuration list for PBXNativeTarget "Tracker" */ = {
			isa = XCConfigurationList;
			buildConfigurations = (
				3F2882092CA67F9B00ABB7D3 /* Debug */,
				3F28820A2CA67F9B00ABB7D3 /* Release */,
			);
			defaultConfigurationIsVisible = 0;
			defaultConfigurationName = Release;
		};
/* End XCConfigurationList section */

/* Begin XCVersionGroup section */
		3F05FB662CC7C6660020C050 /* Trackers.xcdatamodeld */ = {
			isa = XCVersionGroup;
			children = (
				3F05FB672CC7C6660020C050 /* Trackers.xcdatamodel */,
			);
			currentVersion = 3F05FB672CC7C6660020C050 /* Trackers.xcdatamodel */;
			path = Trackers.xcdatamodeld;
			sourceTree = "<group>";
			versionGroupType = wrapper.xcdatamodel;
		};
/* End XCVersionGroup section */
	};
	rootObject = 3F2881ED2CA67F9A00ABB7D3 /* Project object */;
}
